
Microsoft Visual Studio Solution File, Format Version 12.00
# Visual Studio 15
VisualStudioVersion = 15.0.28307.572
MinimumVisualStudioVersion = 10.0.40219.1
Project("{FAE04EC0-301F-11D3-BF4B-00C04F79EFBC}") = "NorwegianWhiteJaguar.Interface", "NorwegianWhiteJaguar.Interface\NorwegianWhiteJaguar.Interface.csproj", "{3AD304C5-07A8-4A24-AAEC-62D9B3711E32}"
EndProject
Project("{FAE04EC0-301F-11D3-BF4B-00C04F79EFBC}") = "NorwegianWhiteJaguar.Model", "NorwegianWhiteJaguar.Model\NorwegianWhiteJaguar.Model.csproj", "{34699778-FE2D-477E-B3E6-AEC40FC925AE}"
EndProject
Project("{FAE04EC0-301F-11D3-BF4B-00C04F79EFBC}") = "NorwegianWhiteJaguar.Service", "NorwegianWhiteJaguar.Service\NorwegianWhiteJaguar.Service.csproj", "{DC2AD33B-8A3F-4ED9-B26E-6755CB708E3D}"
EndProject
Project("{FAE04EC0-301F-11D3-BF4B-00C04F79EFBC}") = "NorwegianWhiteJaguar.Test", "NorwegianWhiteJaguar.Test\NorwegianWhiteJaguar.Test.csproj", "{4FDBAA7E-BF5A-44C0-A1BB-BE70227C132A}"
EndProject
Project("{FAE04EC0-301F-11D3-BF4B-00C04F79EFBC}") = "NorwegianWhiteJaguar.WebApi", "NorwegianWhiteJaguar.WebApi\NorwegianWhiteJaguar.WebApi.csproj", "{6D3B892C-C131-4E07-B849-9E9988A8D10C}"
EndProject
Project("{FAE04EC0-301F-11D3-BF4B-00C04F79EFBC}") = "NorwegianWhiteJaguar.UI", "NorwegianWhiteJaguar.UI\NorwegianWhiteJaguar.UI.csproj", "{26D132BB-BA95-4559-8D2F-10D3A8E68371}"
EndProject
Global
	GlobalSection(SolutionConfigurationPlatforms) = preSolution
		Debug|Any CPU = Debug|Any CPU
		Release|Any CPU = Release|Any CPU
	EndGlobalSection
	GlobalSection(ProjectConfigurationPlatforms) = postSolution
		{3AD304C5-07A8-4A24-AAEC-62D9B3711E32}.Debug|Any CPU.ActiveCfg = Debug|Any CPU
		{3AD304C5-07A8-4A24-AAEC-62D9B3711E32}.Debug|Any CPU.Build.0 = Debug|Any CPU
		{3AD304C5-07A8-4A24-AAEC-62D9B3711E32}.Release|Any CPU.ActiveCfg = Release|Any CPU
		{3AD304C5-07A8-4A24-AAEC-62D9B3711E32}.Release|Any CPU.Build.0 = Release|Any CPU
		{34699778-FE2D-477E-B3E6-AEC40FC925AE}.Debug|Any CPU.ActiveCfg = Debug|Any CPU
		{34699778-FE2D-477E-B3E6-AEC40FC925AE}.Debug|Any CPU.Build.0 = Debug|Any CPU
		{34699778-FE2D-477E-B3E6-AEC40FC925AE}.Release|Any CPU.ActiveCfg = Release|Any CPU
		{34699778-FE2D-477E-B3E6-AEC40FC925AE}.Release|Any CPU.Build.0 = Release|Any CPU
		{DC2AD33B-8A3F-4ED9-B26E-6755CB708E3D}.Debug|Any CPU.ActiveCfg = Debug|Any CPU
		{DC2AD33B-8A3F-4ED9-B26E-6755CB708E3D}.Debug|Any CPU.Build.0 = Debug|Any CPU
		{DC2AD33B-8A3F-4ED9-B26E-6755CB708E3D}.Release|Any CPU.ActiveCfg = Release|Any CPU
		{DC2AD33B-8A3F-4ED9-B26E-6755CB708E3D}.Release|Any CPU.Build.0 = Release|Any CPU
		{4FDBAA7E-BF5A-44C0-A1BB-BE70227C132A}.Debug|Any CPU.ActiveCfg = Debug|Any CPU
		{4FDBAA7E-BF5A-44C0-A1BB-BE70227C132A}.Debug|Any CPU.Build.0 = Debug|Any CPU
		{4FDBAA7E-BF5A-44C0-A1BB-BE70227C132A}.Release|Any CPU.ActiveCfg = Release|Any CPU
		{4FDBAA7E-BF5A-44C0-A1BB-BE70227C132A}.Release|Any CPU.Build.0 = Release|Any CPU
		{6D3B892C-C131-4E07-B849-9E9988A8D10C}.Debug|Any CPU.ActiveCfg = Debug|Any CPU
		{6D3B892C-C131-4E07-B849-9E9988A8D10C}.Debug|Any CPU.Build.0 = Debug|Any CPU
		{6D3B892C-C131-4E07-B849-9E9988A8D10C}.Release|Any CPU.ActiveCfg = Release|Any CPU
		{6D3B892C-C131-4E07-B849-9E9988A8D10C}.Release|Any CPU.Build.0 = Release|Any CPU
		{26D132BB-BA95-4559-8D2F-10D3A8E68371}.Debug|Any CPU.ActiveCfg = Debug|Any CPU
		{26D132BB-BA95-4559-8D2F-10D3A8E68371}.Debug|Any CPU.Build.0 = Debug|Any CPU
		{26D132BB-BA95-4559-8D2F-10D3A8E68371}.Release|Any CPU.ActiveCfg = Release|Any CPU
		{26D132BB-BA95-4559-8D2F-10D3A8E68371}.Release|Any CPU.Build.0 = Release|Any CPU
	EndGlobalSection
	GlobalSection(SolutionProperties) = preSolution
		HideSolutionNode = FALSE
	EndGlobalSection
	GlobalSection(ExtensibilityGlobals) = postSolution
		SolutionGuid = {4FBC43A9-256D-444C-8846-ED289C1D939D}
	EndGlobalSection
EndGlobal
